
Microsoft Visual Studio Solution File, Format Version 12.00
# Visual Studio Version 17
VisualStudioVersion = 17.0.32112.339
MinimumVisualStudioVersion = 10.0.40219.1
Project("{FAE04EC0-301F-11D3-BF4B-00C04F79EFBC}") = "prime number or not", "prime number or not\prime number or not.csproj", "{B1B408AC-33D9-4D27-90C6-CA8946F44D27}"
EndProject
Global
	GlobalSection(SolutionConfigurationPlatforms) = preSolution
		Debug|Any CPU = Debug|Any CPU
		Release|Any CPU = Release|Any CPU
	EndGlobalSection
	GlobalSection(ProjectConfigurationPlatforms) = postSolution
		{B1B408AC-33D9-4D27-90C6-CA8946F44D27}.Debug|Any CPU.ActiveCfg = Debug|Any CPU
		{B1B408AC-33D9-4D27-90C6-CA8946F44D27}.Debug|Any CPU.Build.0 = Debug|Any CPU
		{B1B408AC-33D9-4D27-90C6-CA8946F44D27}.Release|Any CPU.ActiveCfg = Release|Any CPU
		{B1B408AC-33D9-4D27-90C6-CA8946F44D27}.Release|Any CPU.Build.0 = Release|Any CPU
	EndGlobalSection
	GlobalSection(SolutionProperties) = preSolution
		HideSolutionNode = FALSE
	EndGlobalSection
	GlobalSection(ExtensibilityGlobals) = postSolution
		SolutionGuid = {3F9B5A80-FBA8-40BA-9CA8-FD6D933BDA31}
	EndGlobalSection
EndGlobal
