
Microsoft Visual Studio Solution File, Format Version 12.00
# Visual Studio Version 17
VisualStudioVersion = 17.0.32112.339
MinimumVisualStudioVersion = 10.0.40219.1
Project("{FAE04EC0-301F-11D3-BF4B-00C04F79EFBC}") = "MywebserviceLibrary", "MywebserviceLibrary\MywebserviceLibrary.csproj", "{FC73C5A1-4EF3-45B1-8F47-F054A5717F7D}"
EndProject
Global
	GlobalSection(SolutionConfigurationPlatforms) = preSolution
		Debug|Any CPU = Debug|Any CPU
		Release|Any CPU = Release|Any CPU
	EndGlobalSection
	GlobalSection(ProjectConfigurationPlatforms) = postSolution
		{FC73C5A1-4EF3-45B1-8F47-F054A5717F7D}.Debug|Any CPU.ActiveCfg = Debug|Any CPU
		{FC73C5A1-4EF3-45B1-8F47-F054A5717F7D}.Debug|Any CPU.Build.0 = Debug|Any CPU
		{FC73C5A1-4EF3-45B1-8F47-F054A5717F7D}.Release|Any CPU.ActiveCfg = Release|Any CPU
		{FC73C5A1-4EF3-45B1-8F47-F054A5717F7D}.Release|Any CPU.Build.0 = Release|Any CPU
	EndGlobalSection
	GlobalSection(SolutionProperties) = preSolution
		HideSolutionNode = FALSE
	EndGlobalSection
	GlobalSection(ExtensibilityGlobals) = postSolution
		SolutionGuid = {91A8D521-16BA-4F78-BD5F-3E4476166842}
	EndGlobalSection
EndGlobal
