
Microsoft Visual Studio Solution File, Format Version 12.00
# Visual Studio Version 17
VisualStudioVersion = 17.0.32112.339
MinimumVisualStudioVersion = 10.0.40219.1
Project("{FAE04EC0-301F-11D3-BF4B-00C04F79EFBC}") = "division of two numbers", "division of two numbers\division of two numbers.csproj", "{82545084-3ACD-4E46-A3B8-9FFF885C8C29}"
EndProject
Global
	GlobalSection(SolutionConfigurationPlatforms) = preSolution
		Debug|Any CPU = Debug|Any CPU
		Release|Any CPU = Release|Any CPU
	EndGlobalSection
	GlobalSection(ProjectConfigurationPlatforms) = postSolution
		{82545084-3ACD-4E46-A3B8-9FFF885C8C29}.Debug|Any CPU.ActiveCfg = Debug|Any CPU
		{82545084-3ACD-4E46-A3B8-9FFF885C8C29}.Debug|Any CPU.Build.0 = Debug|Any CPU
		{82545084-3ACD-4E46-A3B8-9FFF885C8C29}.Release|Any CPU.ActiveCfg = Release|Any CPU
		{82545084-3ACD-4E46-A3B8-9FFF885C8C29}.Release|Any CPU.Build.0 = Release|Any CPU
	EndGlobalSection
	GlobalSection(SolutionProperties) = preSolution
		HideSolutionNode = FALSE
	EndGlobalSection
	GlobalSection(ExtensibilityGlobals) = postSolution
		SolutionGuid = {436D30FC-1297-4FC3-8097-8E152F5AFC35}
	EndGlobalSection
EndGlobal
