
Microsoft Visual Studio Solution File, Format Version 12.00
# Visual Studio Version 17
VisualStudioVersion = 17.0.32112.339
MinimumVisualStudioVersion = 10.0.40219.1
Project("{FAE04EC0-301F-11D3-BF4B-00C04F79EFBC}") = "product of two numbers", "product of two numbers\product of two numbers.csproj", "{A501B8DA-83D6-42D4-B312-EB6EC1C99B55}"
EndProject
Global
	GlobalSection(SolutionConfigurationPlatforms) = preSolution
		Debug|Any CPU = Debug|Any CPU
		Release|Any CPU = Release|Any CPU
	EndGlobalSection
	GlobalSection(ProjectConfigurationPlatforms) = postSolution
		{A501B8DA-83D6-42D4-B312-EB6EC1C99B55}.Debug|Any CPU.ActiveCfg = Debug|Any CPU
		{A501B8DA-83D6-42D4-B312-EB6EC1C99B55}.Debug|Any CPU.Build.0 = Debug|Any CPU
		{A501B8DA-83D6-42D4-B312-EB6EC1C99B55}.Release|Any CPU.ActiveCfg = Release|Any CPU
		{A501B8DA-83D6-42D4-B312-EB6EC1C99B55}.Release|Any CPU.Build.0 = Release|Any CPU
	EndGlobalSection
	GlobalSection(SolutionProperties) = preSolution
		HideSolutionNode = FALSE
	EndGlobalSection
	GlobalSection(ExtensibilityGlobals) = postSolution
		SolutionGuid = {F5697971-AB21-4A07-A1E5-2E1AB955C401}
	EndGlobalSection
EndGlobal
