
Microsoft Visual Studio Solution File, Format Version 12.00
# Visual Studio Version 17
VisualStudioVersion = 17.0.32112.339
MinimumVisualStudioVersion = 10.0.40219.1
Project("{FAE04EC0-301F-11D3-BF4B-00C04F79EFBC}") = "over riding", "over riding\over riding.csproj", "{512FE6E2-9953-4A21-867B-277687B57042}"
EndProject
Global
	GlobalSection(SolutionConfigurationPlatforms) = preSolution
		Debug|Any CPU = Debug|Any CPU
		Release|Any CPU = Release|Any CPU
	EndGlobalSection
	GlobalSection(ProjectConfigurationPlatforms) = postSolution
		{512FE6E2-9953-4A21-867B-277687B57042}.Debug|Any CPU.ActiveCfg = Debug|Any CPU
		{512FE6E2-9953-4A21-867B-277687B57042}.Debug|Any CPU.Build.0 = Debug|Any CPU
		{512FE6E2-9953-4A21-867B-277687B57042}.Release|Any CPU.ActiveCfg = Release|Any CPU
		{512FE6E2-9953-4A21-867B-277687B57042}.Release|Any CPU.Build.0 = Release|Any CPU
	EndGlobalSection
	GlobalSection(SolutionProperties) = preSolution
		HideSolutionNode = FALSE
	EndGlobalSection
	GlobalSection(ExtensibilityGlobals) = postSolution
		SolutionGuid = {A290C661-840C-4EE7-93ED-2F3D54416EE4}
	EndGlobalSection
EndGlobal
