
Microsoft Visual Studio Solution File, Format Version 12.00
# Visual Studio Version 17
VisualStudioVersion = 17.0.32112.339
MinimumVisualStudioVersion = 10.0.40219.1
Project("{FAE04EC0-301F-11D3-BF4B-00C04F79EFBC}") = "Multiple table of number", "Multiple table of number\Multiple table of number.csproj", "{20630ED4-EC93-416E-ACFB-A8C70A35A0B4}"
EndProject
Global
	GlobalSection(SolutionConfigurationPlatforms) = preSolution
		Debug|Any CPU = Debug|Any CPU
		Release|Any CPU = Release|Any CPU
	EndGlobalSection
	GlobalSection(ProjectConfigurationPlatforms) = postSolution
		{20630ED4-EC93-416E-ACFB-A8C70A35A0B4}.Debug|Any CPU.ActiveCfg = Debug|Any CPU
		{20630ED4-EC93-416E-ACFB-A8C70A35A0B4}.Debug|Any CPU.Build.0 = Debug|Any CPU
		{20630ED4-EC93-416E-ACFB-A8C70A35A0B4}.Release|Any CPU.ActiveCfg = Release|Any CPU
		{20630ED4-EC93-416E-ACFB-A8C70A35A0B4}.Release|Any CPU.Build.0 = Release|Any CPU
	EndGlobalSection
	GlobalSection(SolutionProperties) = preSolution
		HideSolutionNode = FALSE
	EndGlobalSection
	GlobalSection(ExtensibilityGlobals) = postSolution
		SolutionGuid = {29658DE6-8020-4F9D-8E68-50828C20FC50}
	EndGlobalSection
EndGlobal
