
Microsoft Visual Studio Solution File, Format Version 12.00
# Visual Studio Version 17
VisualStudioVersion = 17.0.32112.339
MinimumVisualStudioVersion = 10.0.40219.1
Project("{FAE04EC0-301F-11D3-BF4B-00C04F79EFBC}") = "Hello 5 times using while", "Hello 5 times using while\Hello 5 times using while.csproj", "{CC8F5133-2D2A-484F-8338-EF2B51917CAB}"
EndProject
Global
	GlobalSection(SolutionConfigurationPlatforms) = preSolution
		Debug|Any CPU = Debug|Any CPU
		Release|Any CPU = Release|Any CPU
	EndGlobalSection
	GlobalSection(ProjectConfigurationPlatforms) = postSolution
		{CC8F5133-2D2A-484F-8338-EF2B51917CAB}.Debug|Any CPU.ActiveCfg = Debug|Any CPU
		{CC8F5133-2D2A-484F-8338-EF2B51917CAB}.Debug|Any CPU.Build.0 = Debug|Any CPU
		{CC8F5133-2D2A-484F-8338-EF2B51917CAB}.Release|Any CPU.ActiveCfg = Release|Any CPU
		{CC8F5133-2D2A-484F-8338-EF2B51917CAB}.Release|Any CPU.Build.0 = Release|Any CPU
	EndGlobalSection
	GlobalSection(SolutionProperties) = preSolution
		HideSolutionNode = FALSE
	EndGlobalSection
	GlobalSection(ExtensibilityGlobals) = postSolution
		SolutionGuid = {34F555C1-68AC-4F54-8C18-076BF0AB5E5C}
	EndGlobalSection
EndGlobal
