
Microsoft Visual Studio Solution File, Format Version 12.00
# Visual Studio Version 17
VisualStudioVersion = 17.0.32112.339
MinimumVisualStudioVersion = 10.0.40219.1
Project("{FAE04EC0-301F-11D3-BF4B-00C04F79EFBC}") = "day 1 project 2", "day 1 project 2\day 1 project 2.csproj", "{661DC242-1A2F-4D25-9B5E-21CEBD852A5B}"
EndProject
Global
	GlobalSection(SolutionConfigurationPlatforms) = preSolution
		Debug|Any CPU = Debug|Any CPU
		Release|Any CPU = Release|Any CPU
	EndGlobalSection
	GlobalSection(ProjectConfigurationPlatforms) = postSolution
		{661DC242-1A2F-4D25-9B5E-21CEBD852A5B}.Debug|Any CPU.ActiveCfg = Debug|Any CPU
		{661DC242-1A2F-4D25-9B5E-21CEBD852A5B}.Debug|Any CPU.Build.0 = Debug|Any CPU
		{661DC242-1A2F-4D25-9B5E-21CEBD852A5B}.Release|Any CPU.ActiveCfg = Release|Any CPU
		{661DC242-1A2F-4D25-9B5E-21CEBD852A5B}.Release|Any CPU.Build.0 = Release|Any CPU
	EndGlobalSection
	GlobalSection(SolutionProperties) = preSolution
		HideSolutionNode = FALSE
	EndGlobalSection
	GlobalSection(ExtensibilityGlobals) = postSolution
		SolutionGuid = {04A19C01-0DA4-4FD8-B68A-4C395F6EFE69}
	EndGlobalSection
EndGlobal
