
Microsoft Visual Studio Solution File, Format Version 12.00
# Visual Studio Version 17
VisualStudioVersion = 17.0.32112.339
MinimumVisualStudioVersion = 10.0.40219.1
Project("{FAE04EC0-301F-11D3-BF4B-00C04F79EFBC}") = "Print the values for each loop", "Print the values for each loop\Print the values for each loop.csproj", "{F8432229-83AE-4FF4-8460-021938F29781}"
EndProject
Global
	GlobalSection(SolutionConfigurationPlatforms) = preSolution
		Debug|Any CPU = Debug|Any CPU
		Release|Any CPU = Release|Any CPU
	EndGlobalSection
	GlobalSection(ProjectConfigurationPlatforms) = postSolution
		{F8432229-83AE-4FF4-8460-021938F29781}.Debug|Any CPU.ActiveCfg = Debug|Any CPU
		{F8432229-83AE-4FF4-8460-021938F29781}.Debug|Any CPU.Build.0 = Debug|Any CPU
		{F8432229-83AE-4FF4-8460-021938F29781}.Release|Any CPU.ActiveCfg = Release|Any CPU
		{F8432229-83AE-4FF4-8460-021938F29781}.Release|Any CPU.Build.0 = Release|Any CPU
	EndGlobalSection
	GlobalSection(SolutionProperties) = preSolution
		HideSolutionNode = FALSE
	EndGlobalSection
	GlobalSection(ExtensibilityGlobals) = postSolution
		SolutionGuid = {B10DA682-6DF8-4920-A42E-847DA961A7BB}
	EndGlobalSection
EndGlobal
