
Microsoft Visual Studio Solution File, Format Version 12.00
# Visual Studio Version 17
VisualStudioVersion = 17.0.32112.339
MinimumVisualStudioVersion = 10.0.40219.1
Project("{FAE04EC0-301F-11D3-BF4B-00C04F79EFBC}") = "Addemblies", "Addemblies\Addemblies.csproj", "{A42A1C4C-3CAE-4DFC-AAB9-CB5697A35A74}"
EndProject
Project("{FAE04EC0-301F-11D3-BF4B-00C04F79EFBC}") = "Rk Library", "Rk Library\Rk Library.csproj", "{3041DCC2-9B98-4F4E-BCE5-AC8A0802A138}"
EndProject
Project("{FAE04EC0-301F-11D3-BF4B-00C04F79EFBC}") = "public Library", "public Library\public Library.csproj", "{366FC04A-671E-490D-945C-9A0904D64569}"
EndProject
Global
	GlobalSection(SolutionConfigurationPlatforms) = preSolution
		Debug|Any CPU = Debug|Any CPU
		Release|Any CPU = Release|Any CPU
	EndGlobalSection
	GlobalSection(ProjectConfigurationPlatforms) = postSolution
		{A42A1C4C-3CAE-4DFC-AAB9-CB5697A35A74}.Debug|Any CPU.ActiveCfg = Debug|Any CPU
		{A42A1C4C-3CAE-4DFC-AAB9-CB5697A35A74}.Debug|Any CPU.Build.0 = Debug|Any CPU
		{A42A1C4C-3CAE-4DFC-AAB9-CB5697A35A74}.Release|Any CPU.ActiveCfg = Release|Any CPU
		{A42A1C4C-3CAE-4DFC-AAB9-CB5697A35A74}.Release|Any CPU.Build.0 = Release|Any CPU
		{3041DCC2-9B98-4F4E-BCE5-AC8A0802A138}.Debug|Any CPU.ActiveCfg = Debug|Any CPU
		{3041DCC2-9B98-4F4E-BCE5-AC8A0802A138}.Debug|Any CPU.Build.0 = Debug|Any CPU
		{3041DCC2-9B98-4F4E-BCE5-AC8A0802A138}.Release|Any CPU.ActiveCfg = Release|Any CPU
		{3041DCC2-9B98-4F4E-BCE5-AC8A0802A138}.Release|Any CPU.Build.0 = Release|Any CPU
		{366FC04A-671E-490D-945C-9A0904D64569}.Debug|Any CPU.ActiveCfg = Debug|Any CPU
		{366FC04A-671E-490D-945C-9A0904D64569}.Debug|Any CPU.Build.0 = Debug|Any CPU
		{366FC04A-671E-490D-945C-9A0904D64569}.Release|Any CPU.ActiveCfg = Release|Any CPU
		{366FC04A-671E-490D-945C-9A0904D64569}.Release|Any CPU.Build.0 = Release|Any CPU
	EndGlobalSection
	GlobalSection(SolutionProperties) = preSolution
		HideSolutionNode = FALSE
	EndGlobalSection
	GlobalSection(ExtensibilityGlobals) = postSolution
		SolutionGuid = {5B8E9BA6-C6A4-45E6-9107-F58381CC7EEA}
	EndGlobalSection
EndGlobal
