
Microsoft Visual Studio Solution File, Format Version 12.00
# Visual Studio Version 17
VisualStudioVersion = 17.0.32112.339
MinimumVisualStudioVersion = 10.0.40219.1
Project("{FAE04EC0-301F-11D3-BF4B-00C04F79EFBC}") = "sum of eachloop", "sum of eachloop\sum of eachloop.csproj", "{43EA6512-A493-44DE-9DD4-C8143C606AFD}"
EndProject
Global
	GlobalSection(SolutionConfigurationPlatforms) = preSolution
		Debug|Any CPU = Debug|Any CPU
		Release|Any CPU = Release|Any CPU
	EndGlobalSection
	GlobalSection(ProjectConfigurationPlatforms) = postSolution
		{43EA6512-A493-44DE-9DD4-C8143C606AFD}.Debug|Any CPU.ActiveCfg = Debug|Any CPU
		{43EA6512-A493-44DE-9DD4-C8143C606AFD}.Debug|Any CPU.Build.0 = Debug|Any CPU
		{43EA6512-A493-44DE-9DD4-C8143C606AFD}.Release|Any CPU.ActiveCfg = Release|Any CPU
		{43EA6512-A493-44DE-9DD4-C8143C606AFD}.Release|Any CPU.Build.0 = Release|Any CPU
	EndGlobalSection
	GlobalSection(SolutionProperties) = preSolution
		HideSolutionNode = FALSE
	EndGlobalSection
	GlobalSection(ExtensibilityGlobals) = postSolution
		SolutionGuid = {1BC4DF77-92F6-49A8-AC23-D3E64EE7F153}
	EndGlobalSection
EndGlobal
