
Microsoft Visual Studio Solution File, Format Version 12.00
# Visual Studio Version 17
VisualStudioVersion = 17.0.32112.339
MinimumVisualStudioVersion = 10.0.40219.1
Project("{FAE04EC0-301F-11D3-BF4B-00C04F79EFBC}") = "Sum of array", "Sum of array\Sum of array.csproj", "{496266B1-2387-405F-87D1-9BEFA6A87EED}"
EndProject
Global
	GlobalSection(SolutionConfigurationPlatforms) = preSolution
		Debug|Any CPU = Debug|Any CPU
		Release|Any CPU = Release|Any CPU
	EndGlobalSection
	GlobalSection(ProjectConfigurationPlatforms) = postSolution
		{496266B1-2387-405F-87D1-9BEFA6A87EED}.Debug|Any CPU.ActiveCfg = Debug|Any CPU
		{496266B1-2387-405F-87D1-9BEFA6A87EED}.Debug|Any CPU.Build.0 = Debug|Any CPU
		{496266B1-2387-405F-87D1-9BEFA6A87EED}.Release|Any CPU.ActiveCfg = Release|Any CPU
		{496266B1-2387-405F-87D1-9BEFA6A87EED}.Release|Any CPU.Build.0 = Release|Any CPU
	EndGlobalSection
	GlobalSection(SolutionProperties) = preSolution
		HideSolutionNode = FALSE
	EndGlobalSection
	GlobalSection(ExtensibilityGlobals) = postSolution
		SolutionGuid = {1CCA10FA-5F8F-4B27-98C5-02C2B3D6D1CE}
	EndGlobalSection
EndGlobal
