
Microsoft Visual Studio Solution File, Format Version 12.00
# Visual Studio Version 17
VisualStudioVersion = 17.0.32112.339
MinimumVisualStudioVersion = 10.0.40219.1
Project("{FAE04EC0-301F-11D3-BF4B-00C04F79EFBC}") = "Hello 5", "Hello 5\Hello 5.csproj", "{C3367B79-74E6-424C-A4B9-4A92C29B8444}"
EndProject
Global
	GlobalSection(SolutionConfigurationPlatforms) = preSolution
		Debug|Any CPU = Debug|Any CPU
		Release|Any CPU = Release|Any CPU
	EndGlobalSection
	GlobalSection(ProjectConfigurationPlatforms) = postSolution
		{C3367B79-74E6-424C-A4B9-4A92C29B8444}.Debug|Any CPU.ActiveCfg = Debug|Any CPU
		{C3367B79-74E6-424C-A4B9-4A92C29B8444}.Debug|Any CPU.Build.0 = Debug|Any CPU
		{C3367B79-74E6-424C-A4B9-4A92C29B8444}.Release|Any CPU.ActiveCfg = Release|Any CPU
		{C3367B79-74E6-424C-A4B9-4A92C29B8444}.Release|Any CPU.Build.0 = Release|Any CPU
	EndGlobalSection
	GlobalSection(SolutionProperties) = preSolution
		HideSolutionNode = FALSE
	EndGlobalSection
	GlobalSection(ExtensibilityGlobals) = postSolution
		SolutionGuid = {BE739171-B096-459E-B2D7-5DA613A81E7D}
	EndGlobalSection
EndGlobal
