
Microsoft Visual Studio Solution File, Format Version 12.00
# Visual Studio Version 17
VisualStudioVersion = 17.0.32112.339
MinimumVisualStudioVersion = 10.0.40219.1
Project("{FAE04EC0-301F-11D3-BF4B-00C04F79EFBC}") = "print lessthen", "print lessthen\print lessthen.csproj", "{0383AC7C-D731-4105-81C6-D30FFBB7B1F8}"
EndProject
Global
	GlobalSection(SolutionConfigurationPlatforms) = preSolution
		Debug|Any CPU = Debug|Any CPU
		Release|Any CPU = Release|Any CPU
	EndGlobalSection
	GlobalSection(ProjectConfigurationPlatforms) = postSolution
		{0383AC7C-D731-4105-81C6-D30FFBB7B1F8}.Debug|Any CPU.ActiveCfg = Debug|Any CPU
		{0383AC7C-D731-4105-81C6-D30FFBB7B1F8}.Debug|Any CPU.Build.0 = Debug|Any CPU
		{0383AC7C-D731-4105-81C6-D30FFBB7B1F8}.Release|Any CPU.ActiveCfg = Release|Any CPU
		{0383AC7C-D731-4105-81C6-D30FFBB7B1F8}.Release|Any CPU.Build.0 = Release|Any CPU
	EndGlobalSection
	GlobalSection(SolutionProperties) = preSolution
		HideSolutionNode = FALSE
	EndGlobalSection
	GlobalSection(ExtensibilityGlobals) = postSolution
		SolutionGuid = {B2856A4D-4847-4DCB-8E12-6227FF26177F}
	EndGlobalSection
EndGlobal
