
Microsoft Visual Studio Solution File, Format Version 12.00
# Visual Studio Version 17
VisualStudioVersion = 17.0.32112.339
MinimumVisualStudioVersion = 10.0.40219.1
Project("{FAE04EC0-301F-11D3-BF4B-00C04F79EFBC}") = "Day 16 Project 2", "Day 16 Project 2\Day 16 Project 2.csproj", "{839DBE6C-9CCF-4AA1-ABBC-3888CBE49F86}"
EndProject
Global
	GlobalSection(SolutionConfigurationPlatforms) = preSolution
		Debug|Any CPU = Debug|Any CPU
		Release|Any CPU = Release|Any CPU
	EndGlobalSection
	GlobalSection(ProjectConfigurationPlatforms) = postSolution
		{839DBE6C-9CCF-4AA1-ABBC-3888CBE49F86}.Debug|Any CPU.ActiveCfg = Debug|Any CPU
		{839DBE6C-9CCF-4AA1-ABBC-3888CBE49F86}.Debug|Any CPU.Build.0 = Debug|Any CPU
		{839DBE6C-9CCF-4AA1-ABBC-3888CBE49F86}.Release|Any CPU.ActiveCfg = Release|Any CPU
		{839DBE6C-9CCF-4AA1-ABBC-3888CBE49F86}.Release|Any CPU.Build.0 = Release|Any CPU
	EndGlobalSection
	GlobalSection(SolutionProperties) = preSolution
		HideSolutionNode = FALSE
	EndGlobalSection
	GlobalSection(ExtensibilityGlobals) = postSolution
		SolutionGuid = {732F2E20-ECF5-47CE-BA15-A41AB4CF6B40}
	EndGlobalSection
EndGlobal
