
Microsoft Visual Studio Solution File, Format Version 12.00
# Visual Studio Version 17
VisualStudioVersion = 17.0.32112.339
MinimumVisualStudioVersion = 10.0.40219.1
Project("{FAE04EC0-301F-11D3-BF4B-00C04F79EFBC}") = "mathematics class", "mathematics class\mathematics class.csproj", "{0ED37EDE-D39D-4F10-9E3D-C4AEC8978438}"
EndProject
Global
	GlobalSection(SolutionConfigurationPlatforms) = preSolution
		Debug|Any CPU = Debug|Any CPU
		Release|Any CPU = Release|Any CPU
	EndGlobalSection
	GlobalSection(ProjectConfigurationPlatforms) = postSolution
		{0ED37EDE-D39D-4F10-9E3D-C4AEC8978438}.Debug|Any CPU.ActiveCfg = Debug|Any CPU
		{0ED37EDE-D39D-4F10-9E3D-C4AEC8978438}.Debug|Any CPU.Build.0 = Debug|Any CPU
		{0ED37EDE-D39D-4F10-9E3D-C4AEC8978438}.Release|Any CPU.ActiveCfg = Release|Any CPU
		{0ED37EDE-D39D-4F10-9E3D-C4AEC8978438}.Release|Any CPU.Build.0 = Release|Any CPU
	EndGlobalSection
	GlobalSection(SolutionProperties) = preSolution
		HideSolutionNode = FALSE
	EndGlobalSection
	GlobalSection(ExtensibilityGlobals) = postSolution
		SolutionGuid = {7F653CF0-D909-4BA6-98A2-494F662CC8E8}
	EndGlobalSection
EndGlobal
